<?xml version="1.0" encoding="utf-8"?>
<Project ToolsVersion="4.0" xmlns="http://schemas.microsoft.com/developer/msbuild/2003">
  <ItemGroup>
    <Filter Include="win32">
      <UniqueIdentifier>{84a8ebd7-7cf0-47f6-b75e-d441df67da40}</UniqueIdentifier>
    </Filter>
    <Filter Include="resource">
      <UniqueIdentifier>{715254bc-d70b-4ec5-bf29-467dd3ace079}</UniqueIdentifier>
    </Filter>
    <Filter Include="src">
      <UniqueIdentifier>{bb6c862e-70e9-49d9-81b7-3829a6f50471}</UniqueIdentifier>
    </Filter>
    <Filter Include="src\leap-motion">
      <UniqueIdentifier>{095a38ac-dfe9-44ab-bd17-becd0ed78e6b}</UniqueIdentifier>
    </Filter>
    <Filter Include="src\scene">
      <UniqueIdentifier>{d354a895-5a02-4c4d-99fe-42631380e1b2}</UniqueIdentifier>
    </Filter>
    <Filter Include="src\hello-world">
      <UniqueIdentifier>{81111c0a-5548-4815-84d2-69cf10545add}</UniqueIdentifier>
    </Filter>
    <Filter Include="src\utility">
      <UniqueIdentifier>{3da084e9-563f-42f8-a868-c4c91fa60cf6}</UniqueIdentifier>
    </Filter>
    <Filter Include="src\object">
      <UniqueIdentifier>{bb9cfb8c-6222-4ced-b9f8-23f87d879b01}</UniqueIdentifier>
    </Filter>
    <Filter Include="src\data">
      <UniqueIdentifier>{4069169f-af67-4c38-af99-666eef2ce9c6}</UniqueIdentifier>
    </Filter>
  </ItemGroup>
  <ItemGroup>
    <ClCompile Include="main.cpp">
      <Filter>win32</Filter>
    </ClCompile>
    <ClCompile Include="..\Classes\AppDelegate.cpp">
      <Filter>src</Filter>
    </ClCompile>
    <ClCompile Include="..\Classes\BattleScene.cpp">
      <Filter>src\scene</Filter>
    </ClCompile>
    <ClCompile Include="..\Classes\HelloWorldScene.cpp">
      <Filter>src\hello-world</Filter>
    </ClCompile>
    <ClCompile Include="..\Classes\LoadScene.cpp">
      <Filter>src\scene</Filter>
    </ClCompile>
    <ClCompile Include="..\Classes\ConfigUtil.cpp">
      <Filter>src\utility</Filter>
    </ClCompile>
    <ClCompile Include="..\Classes\PrepareScene.cpp">
      <Filter>src\scene</Filter>
    </ClCompile>
    <ClCompile Include="..\Classes\BaseObject.cpp">
      <Filter>src\object</Filter>
    </ClCompile>
    <ClCompile Include="..\Classes\Student.cpp">
      <Filter>src\object</Filter>
    </ClCompile>
    <ClCompile Include="..\Classes\ControllerUtil.cpp">
      <Filter>src\utility</Filter>
    </ClCompile>
    <ClCompile Include="..\Classes\Chalk.cpp">
      <Filter>src\object</Filter>
    </ClCompile>
    <ClCompile Include="..\Classes\MyPoint.cpp">
      <Filter>src\data</Filter>
    </ClCompile>
    <ClCompile Include="..\Classes\Edge.cpp">
      <Filter>src\object</Filter>
    </ClCompile>
    <ClCompile Include="..\Classes\Message.cpp">
      <Filter>src\utility</Filter>
    </ClCompile>
    <ClCompile Include="..\Classes\MotionData.cpp">
      <Filter>src\data</Filter>
    </ClCompile>
    <ClCompile Include="..\Classes\NewChalk.cpp" />
    <ClCompile Include="..\Classes\PlayHand.cpp">
      <Filter>src\leap-motion</Filter>
    </ClCompile>
  </ItemGroup>
  <ItemGroup>
    <ClInclude Include="main.h">
      <Filter>win32</Filter>
    </ClInclude>
    <ClInclude Include="..\Classes\AppDelegate.h">
      <Filter>src</Filter>
    </ClInclude>
    <ClInclude Include="..\Classes\BattleScene.h">
      <Filter>src\scene</Filter>
    </ClInclude>
    <ClInclude Include="..\Classes\HelloWorldScene.h">
      <Filter>src\hello-world</Filter>
    </ClInclude>
    <ClInclude Include="..\Classes\LoadScene.h">
      <Filter>src\scene</Filter>
    </ClInclude>
    <ClInclude Include="..\Classes\ConfigUtil.h">
      <Filter>src\utility</Filter>
    </ClInclude>
    <ClInclude Include="..\Classes\PrepareScene.h">
      <Filter>src\scene</Filter>
    </ClInclude>
    <ClInclude Include="..\Classes\BaseObject.h">
      <Filter>src\object</Filter>
    </ClInclude>
    <ClInclude Include="..\Classes\Student.h">
      <Filter>src\object</Filter>
    </ClInclude>
    <ClInclude Include="..\Classes\ControllerUtil.h">
      <Filter>src\utility</Filter>
    </ClInclude>
    <ClInclude Include="..\Classes\Chalk.h">
      <Filter>src\object</Filter>
    </ClInclude>
    <ClInclude Include="..\Classes\MyPoint.h">
      <Filter>src\data</Filter>
    </ClInclude>
    <ClInclude Include="..\Classes\Edge.h">
      <Filter>src\object</Filter>
    </ClInclude>
    <ClInclude Include="..\Classes\Message.h">
      <Filter>src\utility</Filter>
    </ClInclude>
    <ClInclude Include="..\Classes\MotionData.h">
      <Filter>src\data</Filter>
    </ClInclude>
    <ClInclude Include="..\Classes\NewChalk.h" />
    <ClInclude Include="..\Classes\ChalkData.h">
      <Filter>src\data</Filter>
    </ClInclude>
    <ClInclude Include="..\Classes\playHand.h">
      <Filter>src\leap-motion</Filter>
    </ClInclude>
  </ItemGroup>
  <ItemGroup>
    <ResourceCompile Include="game.rc">
      <Filter>resource</Filter>
    </ResourceCompile>
  </ItemGroup>
</Project>